
Microsoft Visual Studio Solution File, Format Version 12.00
# Visual Studio Version 17
VisualStudioVersion = 17.2.32602.215
MinimumVisualStudioVersion = 10.0.40219.1
Project("{9A19103F-16F7-4668-BE54-9A1E7A4F7556}") = "Sem_6_Ex_2", "Sem_6_Ex_2\Sem_6_Ex_2.csproj", "{0CA5529D-DB01-4C21-B045-622859EF4A6C}"
EndProject
Project("{9A19103F-16F7-4668-BE54-9A1E7A4F7556}") = "Sem_6_Ex_3", "Sem_6_Ex_3\Sem_6_Ex_3.csproj", "{E15E5856-5F4C-4B84-9FE4-8EB6D7A7B727}"
EndProject
Project("{9A19103F-16F7-4668-BE54-9A1E7A4F7556}") = "Sem_6_Ex_4", "Sem_6_Ex_4\Sem_6_Ex_4.csproj", "{A3427777-A047-4763-B5FE-67456C5A9AEE}"
EndProject
Project("{9A19103F-16F7-4668-BE54-9A1E7A4F7556}") = "Sem_6_Ex_5", "Sem_6_Ex_5\Sem_6_Ex_5.csproj", "{B3A8A03B-FAC1-4DB8-A71F-2855A96E51B5}"
EndProject
Project("{9A19103F-16F7-4668-BE54-9A1E7A4F7556}") = "Sem_6_Ex_1", "Sem_6_Ex_1\Sem_6_Ex_1.csproj", "{88B7EFC0-8B96-41A7-94C3-D9FA31915EEF}"
EndProject
Project("{9A19103F-16F7-4668-BE54-9A1E7A4F7556}") = "Sem_6_Ex_7", "Sem_6_Ex_7\Sem_6_Ex_7.csproj", "{8F8F8512-67F6-4ABC-A847-5A35C8ADF815}"
EndProject
Project("{FAE04EC0-301F-11D3-BF4B-00C04F79EFBC}") = "Sem_6_Ex_6", "Sem_6_Ex_6\Sem_6_Ex_6.csproj", "{BD0D594D-CDED-474E-B668-949F4BDEB85F}"
EndProject
Project("{FAE04EC0-301F-11D3-BF4B-00C04F79EFBC}") = "Sem_6_Ex_8", "Sem_6_Ex_8\Sem_6_Ex_8.csproj", "{6E60DD82-E3F8-45DE-8179-12407F645B43}"
EndProject
Global
	GlobalSection(SolutionConfigurationPlatforms) = preSolution
		Debug|Any CPU = Debug|Any CPU
		Release|Any CPU = Release|Any CPU
	EndGlobalSection
	GlobalSection(ProjectConfigurationPlatforms) = postSolution
		{0CA5529D-DB01-4C21-B045-622859EF4A6C}.Debug|Any CPU.ActiveCfg = Debug|Any CPU
		{0CA5529D-DB01-4C21-B045-622859EF4A6C}.Debug|Any CPU.Build.0 = Debug|Any CPU
		{0CA5529D-DB01-4C21-B045-622859EF4A6C}.Release|Any CPU.ActiveCfg = Release|Any CPU
		{0CA5529D-DB01-4C21-B045-622859EF4A6C}.Release|Any CPU.Build.0 = Release|Any CPU
		{E15E5856-5F4C-4B84-9FE4-8EB6D7A7B727}.Debug|Any CPU.ActiveCfg = Debug|Any CPU
		{E15E5856-5F4C-4B84-9FE4-8EB6D7A7B727}.Debug|Any CPU.Build.0 = Debug|Any CPU
		{E15E5856-5F4C-4B84-9FE4-8EB6D7A7B727}.Release|Any CPU.ActiveCfg = Release|Any CPU
		{E15E5856-5F4C-4B84-9FE4-8EB6D7A7B727}.Release|Any CPU.Build.0 = Release|Any CPU
		{A3427777-A047-4763-B5FE-67456C5A9AEE}.Debug|Any CPU.ActiveCfg = Debug|Any CPU
		{A3427777-A047-4763-B5FE-67456C5A9AEE}.Debug|Any CPU.Build.0 = Debug|Any CPU
		{A3427777-A047-4763-B5FE-67456C5A9AEE}.Release|Any CPU.ActiveCfg = Release|Any CPU
		{A3427777-A047-4763-B5FE-67456C5A9AEE}.Release|Any CPU.Build.0 = Release|Any CPU
		{B3A8A03B-FAC1-4DB8-A71F-2855A96E51B5}.Debug|Any CPU.ActiveCfg = Debug|Any CPU
		{B3A8A03B-FAC1-4DB8-A71F-2855A96E51B5}.Debug|Any CPU.Build.0 = Debug|Any CPU
		{B3A8A03B-FAC1-4DB8-A71F-2855A96E51B5}.Release|Any CPU.ActiveCfg = Release|Any CPU
		{B3A8A03B-FAC1-4DB8-A71F-2855A96E51B5}.Release|Any CPU.Build.0 = Release|Any CPU
		{88B7EFC0-8B96-41A7-94C3-D9FA31915EEF}.Debug|Any CPU.ActiveCfg = Debug|Any CPU
		{88B7EFC0-8B96-41A7-94C3-D9FA31915EEF}.Debug|Any CPU.Build.0 = Debug|Any CPU
		{88B7EFC0-8B96-41A7-94C3-D9FA31915EEF}.Release|Any CPU.ActiveCfg = Release|Any CPU
		{88B7EFC0-8B96-41A7-94C3-D9FA31915EEF}.Release|Any CPU.Build.0 = Release|Any CPU
		{8F8F8512-67F6-4ABC-A847-5A35C8ADF815}.Debug|Any CPU.ActiveCfg = Debug|Any CPU
		{8F8F8512-67F6-4ABC-A847-5A35C8ADF815}.Debug|Any CPU.Build.0 = Debug|Any CPU
		{8F8F8512-67F6-4ABC-A847-5A35C8ADF815}.Release|Any CPU.ActiveCfg = Release|Any CPU
		{8F8F8512-67F6-4ABC-A847-5A35C8ADF815}.Release|Any CPU.Build.0 = Release|Any CPU
		{BD0D594D-CDED-474E-B668-949F4BDEB85F}.Debug|Any CPU.ActiveCfg = Debug|Any CPU
		{BD0D594D-CDED-474E-B668-949F4BDEB85F}.Debug|Any CPU.Build.0 = Debug|Any CPU
		{BD0D594D-CDED-474E-B668-949F4BDEB85F}.Release|Any CPU.ActiveCfg = Release|Any CPU
		{BD0D594D-CDED-474E-B668-949F4BDEB85F}.Release|Any CPU.Build.0 = Release|Any CPU
		{6E60DD82-E3F8-45DE-8179-12407F645B43}.Debug|Any CPU.ActiveCfg = Debug|Any CPU
		{6E60DD82-E3F8-45DE-8179-12407F645B43}.Debug|Any CPU.Build.0 = Debug|Any CPU
		{6E60DD82-E3F8-45DE-8179-12407F645B43}.Release|Any CPU.ActiveCfg = Release|Any CPU
		{6E60DD82-E3F8-45DE-8179-12407F645B43}.Release|Any CPU.Build.0 = Release|Any CPU
	EndGlobalSection
	GlobalSection(SolutionProperties) = preSolution
		HideSolutionNode = FALSE
	EndGlobalSection
	GlobalSection(ExtensibilityGlobals) = postSolution
		SolutionGuid = {CCB1D336-1C64-4AD0-B20F-B95E7A36725B}
	EndGlobalSection
EndGlobal
